// !$*UTF8*$!
{
	archiveVersion = 1;
	classes = {
	};
	objectVersion = 50;
	objects = {

/* Begin PBXBuildFile section */
		8E9FAC2B26A2DE6C0088B052 /* AppDelegate.m in Sources */ = {isa = PBXBuildFile; fileRef = 8E9FAC2A26A2DE6C0088B052 /* AppDelegate.m */; };
		8E9FAC2E26A2DE6C0088B052 /* SceneDelegate.m in Sources */ = {isa = PBXBuildFile; fileRef = 8E9FAC2D26A2DE6C0088B052 /* SceneDelegate.m */; };
		8E9FAC3126A2DE6C0088B052 /* ViewController.m in Sources */ = {isa = PBXBuildFile; fileRef = 8E9FAC3026A2DE6C0088B052 /* ViewController.m */; };
		8E9FAC3426A2DE6C0088B052 /* Main.storyboard in Resources */ = {isa = PBXBuildFile; fileRef = 8E9FAC3226A2DE6C0088B052 /* Main.storyboard */; };
		8E9FAC3626A2DE6E0088B052 /* Assets.xcassets in Resources */ = {isa = PBXBuildFile; fileRef = 8E9FAC3526A2DE6E0088B052 /* Assets.xcassets */; };
		8E9FAC3926A2DE6E0088B052 /* LaunchScreen.storyboard in Resources */ = {isa = PBXBuildFile; fileRef = 8E9FAC3726A2DE6E0088B052 /* LaunchScreen.storyboard */; };
		8E9FAC3C26A2DE6E0088B052 /* main.m in Sources */ = {isa = PBXBuildFile; fileRef = 8E9FAC3B26A2DE6E0088B052 /* main.m */; };
		8E9FAC4626A2DE6E0088B052 /* iOSTipsTestTests.m in Sources */ = {isa = PBXBuildFile; fileRef = 8E9FAC4526A2DE6E0088B052 /* iOSTipsTestTests.m */; };
		8E9FAC5126A2DE6E0088B052 /* iOSTipsTestUITests.m in Sources */ = {isa = PBXBuildFile; fileRef = 8E9FAC5026A2DE6E0088B052 /* iOSTipsTestUITests.m */; };
/* End PBXBuildFile section */

/* Begin PBXContainerItemProxy section */
		8E9FAC4226A2DE6E0088B052 /* PBXContainerItemProxy */ = {
			isa = PBXContainerItemProxy;
			containerPortal = 8E9FAC1E26A2DE6C0088B052 /* Project object */;
			proxyType = 1;
			remoteGlobalIDString = 8E9FAC2526A2DE6C0088B052;
			remoteInfo = iOSTipsTest;
		};
		8E9FAC4D26A2DE6E0088B052 /* PBXContainerItemProxy */ = {
			isa = PBXContainerItemProxy;
			containerPortal = 8E9FAC1E26A2DE6C0088B052 /* Project object */;
			proxyType = 1;
			remoteGlobalIDString = 8E9FAC2526A2DE6C0088B052;
			remoteInfo = iOSTipsTest;
		};
/* End PBXContainerItemProxy section */

/* Begin PBXFileReference section */
		8E9FAC2626A2DE6C0088B052 /* iOSTipsTest.app */ = {isa = PBXFileReference; explicitFileType = wrapper.application; includeInIndex = 0; path = iOSTipsTest.app; sourceTree = BUILT_PRODUCTS_DIR; };
		8E9FAC2926A2DE6C0088B052 /* AppDelegate.h */ = {isa = PBXFileReference; lastKnownFileType = sourcecode.c.h; path = AppDelegate.h; sourceTree = "<group>"; };
		8E9FAC2A26A2DE6C0088B052 /* AppDelegate.m */ = {isa = PBXFileReference; lastKnownFileType = sourcecode.c.objc; path = AppDelegate.m; sourceTree = "<group>"; };
		8E9FAC2C26A2DE6C0088B052 /* SceneDelegate.h */ = {isa = PBXFileReference; lastKnownFileType = sourcecode.c.h; path = SceneDelegate.h; sourceTree = "<group>"; };
		8E9FAC2D26A2DE6C0088B052 /* SceneDelegate.m */ = {isa = PBXFileReference; lastKnownFileType = sourcecode.c.objc; path = SceneDelegate.m; sourceTree = "<group>"; };
		8E9FAC2F26A2DE6C0088B052 /* ViewController.h */ = {isa = PBXFileReference; lastKnownFileType = sourcecode.c.h; path = ViewController.h; sourceTree = "<group>"; };
		8E9FAC3026A2DE6C0088B052 /* ViewController.m */ = {isa = PBXFileReference; lastKnownFileType = sourcecode.c.objc; path = ViewController.m; sourceTree = "<group>"; };
		8E9FAC3326A2DE6C0088B052 /* Base */ = {isa = PBXFileReference; lastKnownFileType = file.storyboard; name = Base; path = Base.lproj/Main.storyboard; sourceTree = "<group>"; };
		8E9FAC3526A2DE6E0088B052 /* Assets.xcassets */ = {isa = PBXFileReference; lastKnownFileType = folder.assetcatalog; path = Assets.xcassets; sourceTree = "<group>"; };
		8E9FAC3826A2DE6E0088B052 /* Base */ = {isa = PBXFileReference; lastKnownFileType = file.storyboard; name = Base; path = Base.lproj/LaunchScreen.storyboard; sourceTree = "<group>"; };
		8E9FAC3A26A2DE6E0088B052 /* Info.plist */ = {isa = PBXFileReference; lastKnownFileType = text.plist.xml; path = Info.plist; sourceTree = "<group>"; };
		8E9FAC3B26A2DE6E0088B052 /* main.m */ = {isa = PBXFileReference; lastKnownFileType = sourcecode.c.objc; path = main.m; sourceTree = "<group>"; };
		8E9FAC4126A2DE6E0088B052 /* iOSTipsTestTests.xctest */ = {isa = PBXFileReference; explicitFileType = wrapper.cfbundle; includeInIndex = 0; path = iOSTipsTestTests.xctest; sourceTree = BUILT_PRODUCTS_DIR; };
		8E9FAC4526A2DE6E0088B052 /* iOSTipsTestTests.m */ = {isa = PBXFileReference; lastKnownFileType = sourcecode.c.objc; path = iOSTipsTestTests.m; sourceTree = "<group>"; };
		8E9FAC4726A2DE6E0088B052 /* Info.plist */ = {isa = PBXFileReference; lastKnownFileType = text.plist.xml; path = Info.plist; sourceTree = "<group>"; };
		8E9FAC4C26A2DE6E0088B052 /* iOSTipsTestUITests.xctest */ = {isa = PBXFileReference; explicitFileType = wrapper.cfbundle; includeInIndex = 0; path = iOSTipsTestUITests.xctest; sourceTree = BUILT_PRODUCTS_DIR; };
		8E9FAC5026A2DE6E0088B052 /* iOSTipsTestUITests.m */ = {isa = PBXFileReference; lastKnownFileType = sourcecode.c.objc; path = iOSTipsTestUITests.m; sourceTree = "<group>"; };
		8E9FAC5226A2DE6E0088B052 /* Info.plist */ = {isa = PBXFileReference; lastKnownFileType = text.plist.xml; path = Info.plist; sourceTree = "<group>"; };
/* End PBXFileReference section */

/* Begin PBXFrameworksBuildPhase section */
		8E9FAC2326A2DE6C0088B052 /* Frameworks */ = {
			isa = PBXFrameworksBuildPhase;
			buildActionMask = 2147483647;
			files = (
			);
			runOnlyForDeploymentPostprocessing = 0;
		};
		8E9FAC3E26A2DE6E0088B052 /* Frameworks */ = {
			isa = PBXFrameworksBuildPhase;
			buildActionMask = 2147483647;
			files = (
			);
			runOnlyForDeploymentPostprocessing = 0;
		};
		8E9FAC4926A2DE6E0088B052 /* Frameworks */ = {
			isa = PBXFrameworksBuildPhase;
			buildActionMask = 2147483647;
			files = (
			);
			runOnlyForDeploymentPostprocessing = 0;
		};
/* End PBXFrameworksBuildPhase section */

/* Begin PBXGroup section */
		8E9FAC1D26A2DE6C0088B052 = {
			isa = PBXGroup;
			children = (
				8E9FAC2826A2DE6C0088B052 /* iOSTipsTest */,
				8E9FAC4426A2DE6E0088B052 /* iOSTipsTestTests */,
				8E9FAC4F26A2DE6E0088B052 /* iOSTipsTestUITests */,
				8E9FAC2726A2DE6C0088B052 /* Products */,
			);
			sourceTree = "<group>";
		};
		8E9FAC2726A2DE6C0088B052 /* Products */ = {
			isa = PBXGroup;
			children = (
				8E9FAC2626A2DE6C0088B052 /* iOSTipsTest.app */,
				8E9FAC4126A2DE6E0088B052 /* iOSTipsTestTests.xctest */,
				8E9FAC4C26A2DE6E0088B052 /* iOSTipsTestUITests.xctest */,
			);
			name = Products;
			sourceTree = "<group>";
		};
		8E9FAC2826A2DE6C0088B052 /* iOSTipsTest */ = {
			isa = PBXGroup;
			children = (
				8E9FAC2926A2DE6C0088B052 /* AppDelegate.h */,
				8E9FAC2A26A2DE6C0088B052 /* AppDelegate.m */,
				8E9FAC2C26A2DE6C0088B052 /* SceneDelegate.h */,
				8E9FAC2D26A2DE6C0088B052 /* SceneDelegate.m */,
				8E9FAC2F26A2DE6C0088B052 /* ViewController.h */,
				8E9FAC3026A2DE6C0088B052 /* ViewController.m */,
				8E9FAC3226A2DE6C0088B052 /* Main.storyboard */,
				8E9FAC3526A2DE6E0088B052 /* Assets.xcassets */,
				8E9FAC3726A2DE6E0088B052 /* LaunchScreen.storyboard */,
				8E9FAC3A26A2DE6E0088B052 /* Info.plist */,
				8E9FAC3B26A2DE6E0088B052 /* main.m */,
			);
			path = iOSTipsTest;
			sourceTree = "<group>";
		};
		8E9FAC4426A2DE6E0088B052 /* iOSTipsTestTests */ = {
			isa = PBXGroup;
			children = (
				8E9FAC4526A2DE6E0088B052 /* iOSTipsTestTests.m */,
				8E9FAC4726A2DE6E0088B052 /* Info.plist */,
			);
			path = iOSTipsTestTests;
			sourceTree = "<group>";
		};
		8E9FAC4F26A2DE6E0088B052 /* iOSTipsTestUITests */ = {
			isa = PBXGroup;
			children = (
				8E9FAC5026A2DE6E0088B052 /* iOSTipsTestUITests.m */,
				8E9FAC5226A2DE6E0088B052 /* Info.plist */,
			);
			path = iOSTipsTestUITests;
			sourceTree = "<group>";
		};
/* End PBXGroup section */

/* Begin PBXNativeTarget section */
		8E9FAC2526A2DE6C0088B052 /* iOSTipsTest */ = {
			isa = PBXNativeTarget;
			buildConfigurationList = 8E9FAC5526A2DE6E0088B052 /* Build configuration list for PBXNativeTarget "iOSTipsTest" */;
			buildPhases = (
				8E9FAC2226A2DE6C0088B052 /* Sources */,
				8E9FAC2326A2DE6C0088B052 /* Frameworks */,
				8E9FAC2426A2DE6C0088B052 /* Resources */,
			);
			buildRules = (
			);
			dependencies = (
			);
			name = iOSTipsTest;
			productName = iOSTipsTest;
			productReference = 8E9FAC2626A2DE6C0088B052 /* iOSTipsTest.app */;
			productType = "com.apple.product-type.application";
		};
		8E9FAC4026A2DE6E0088B052 /* iOSTipsTestTests */ = {
			isa = PBXNativeTarget;
			buildConfigurationList = 8E9FAC5826A2DE6E0088B052 /* Build configuration list for PBXNativeTarget "iOSTipsTestTests" */;
			buildPhases = (
				8E9FAC3D26A2DE6E0088B052 /* Sources */,
				8E9FAC3E26A2DE6E0088B052 /* Frameworks */,
				8E9FAC3F26A2DE6E0088B052 /* Resources */,
			);
			buildRules = (
			);
			dependencies = (
				8E9FAC4326A2DE6E0088B052 /* PBXTargetDependency */,
			);
			name = iOSTipsTestTests;
			productName = iOSTipsTestTests;
			productReference = 8E9FAC4126A2DE6E0088B052 /* iOSTipsTestTests.xctest */;
			productType = "com.apple.product-type.bundle.unit-test";
		};
		8E9FAC4B26A2DE6E0088B052 /* iOSTipsTestUITests */ = {
			isa = PBXNativeTarget;
			buildConfigurationList = 8E9FAC5B26A2DE6E0088B052 /* Build configuration list for PBXNativeTarget "iOSTipsTestUITests" */;
			buildPhases = (
				8E9FAC4826A2DE6E0088B052 /* Sources */,
				8E9FAC4926A2DE6E0088B052 /* Frameworks */,
				8E9FAC4A26A2DE6E0088B052 /* Resources */,
			);
			buildRules = (
			);
			dependencies = (
				8E9FAC4E26A2DE6E0088B052 /* PBXTargetDependency */,
			);
			name = iOSTipsTestUITests;
			productName = iOSTipsTestUITests;
			productReference = 8E9FAC4C26A2DE6E0088B052 /* iOSTipsTestUITests.xctest */;
			productType = "com.apple.product-type.bundle.ui-testing";
		};
/* End PBXNativeTarget section */

/* Begin PBXProject section */
		8E9FAC1E26A2DE6C0088B052 /* Project object */ = {
			isa = PBXProject;
			attributes = {
				LastUpgradeCheck = 1170;
				ORGANIZATIONNAME = ZengChanghuan;
				TargetAttributes = {
					8E9FAC2526A2DE6C0088B052 = {
						CreatedOnToolsVersion = 11.7;
					};
					8E9FAC4026A2DE6E0088B052 = {
						CreatedOnToolsVersion = 11.7;
						TestTargetID = 8E9FAC2526A2DE6C0088B052;
					};
					8E9FAC4B26A2DE6E0088B052 = {
						CreatedOnToolsVersion = 11.7;
						TestTargetID = 8E9FAC2526A2DE6C0088B052;
					};
				};
			};
			buildConfigurationList = 8E9FAC2126A2DE6C0088B052 /* Build configuration list for PBXProject "iOSTipsTest" */;
			compatibilityVersion = "Xcode 9.3";
			developmentRegion = en;
			hasScannedForEncodings = 0;
			knownRegions = (
				en,
				Base,
			);
			mainGroup = 8E9FAC1D26A2DE6C0088B052;
			productRefGroup = 8E9FAC2726A2DE6C0088B052 /* Products */;
			projectDirPath = "";
			projectRoot = "";
			targets = (
				8E9FAC2526A2DE6C0088B052 /* iOSTipsTest */,
				8E9FAC4026A2DE6E0088B052 /* iOSTipsTestTests */,
				8E9FAC4B26A2DE6E0088B052 /* iOSTipsTestUITests */,
			);
		};
/* End PBXProject section */

/* Begin PBXResourcesBuildPhase section */
		8E9FAC2426A2DE6C0088B052 /* Resources */ = {
			isa = PBXResourcesBuildPhase;
			buildActionMask = 2147483647;
			files = (
				8E9FAC3926A2DE6E0088B052 /* LaunchScreen.storyboard in Resources */,
				8E9FAC3626A2DE6E0088B052 /* Assets.xcassets in Resources */,
				8E9FAC3426A2DE6C0088B052 /* Main.storyboard in Resources */,
			);
			runOnlyForDeploymentPostprocessing = 0;
		};
		8E9FAC3F26A2DE6E0088B052 /* Resources */ = {
			isa = PBXResourcesBuildPhase;
			buildActionMask = 2147483647;
			files = (
			);
			runOnlyForDeploymentPostprocessing = 0;
		};
		8E9FAC4A26A2DE6E0088B052 /* Resources */ = {
			isa = PBXResourcesBuildPhase;
			buildActionMask = 2147483647;
			files = (
			);
			runOnlyForDeploymentPostprocessing = 0;
		};
/* End PBXResourcesBuildPhase section */

/* Begin PBXSourcesBuildPhase section */
		8E9FAC2226A2DE6C0088B052 /* Sources */ = {
			isa = PBXSourcesBuildPhase;
			buildActionMask = 2147483647;
			files = (
				8E9FAC3126A2DE6C0088B052 /* ViewController.m in Sources */,
				8E9FAC2B26A2DE6C0088B052 /* AppDelegate.m in Sources */,
				8E9FAC3C26A2DE6E0088B052 /* main.m in Sources */,
				8E9FAC2E26A2DE6C0088B052 /* SceneDelegate.m in Sources */,
			);
			runOnlyForDeploymentPostprocessing = 0;
		};
		8E9FAC3D26A2DE6E0088B052 /* Sources */ = {
			isa = PBXSourcesBuildPhase;
			buildActionMask = 2147483647;
			files = (
				8E9FAC4626A2DE6E0088B052 /* iOSTipsTestTests.m in Sources */,
			);
			runOnlyForDeploymentPostprocessing = 0;
		};
		8E9FAC4826A2DE6E0088B052 /* Sources */ = {
			isa = PBXSourcesBuildPhase;
			buildActionMask = 2147483647;
			files = (
				8E9FAC5126A2DE6E0088B052 /* iOSTipsTestUITests.m in Sources */,
			);
			runOnlyForDeploymentPostprocessing = 0;
		};
/* End PBXSourcesBuildPhase section */

/* Begin PBXTargetDependency section */
		8E9FAC4326A2DE6E0088B052 /* PBXTargetDependency */ = {
			isa = PBXTargetDependency;
			target = 8E9FAC2526A2DE6C0088B052 /* iOSTipsTest */;
			targetProxy = 8E9FAC4226A2DE6E0088B052 /* PBXContainerItemProxy */;
		};
		8E9FAC4E26A2DE6E0088B052 /* PBXTargetDependency */ = {
			isa = PBXTargetDependency;
			target = 8E9FAC2526A2DE6C0088B052 /* iOSTipsTest */;
			targetProxy = 8E9FAC4D26A2DE6E0088B052 /* PBXContainerItemProxy */;
		};
/* End PBXTargetDependency section */

/* Begin PBXVariantGroup section */
		8E9FAC3226A2DE6C0088B052 /* Main.storyboard */ = {
			isa = PBXVariantGroup;
			children = (
				8E9FAC3326A2DE6C0088B052 /* Base */,
			);
			name = Main.storyboard;
			sourceTree = "<group>";
		};
		8E9FAC3726A2DE6E0088B052 /* LaunchScreen.storyboard */ = {
			isa = PBXVariantGroup;
			children = (
				8E9FAC3826A2DE6E0088B052 /* Base */,
			);
			name = LaunchScreen.storyboard;
			sourceTree = "<group>";
		};
/* End PBXVariantGroup section */

/* Begin XCBuildConfiguration section */
		8E9FAC5326A2DE6E0088B052 /* Debug */ = {
			isa = XCBuildConfiguration;
			buildSettings = {
				ALWAYS_SEARCH_USER_PATHS = NO;
				CLANG_ANALYZER_NONNULL = YES;
				CLANG_ANALYZER_NUMBER_OBJECT_CONVERSION = YES_AGGRESSIVE;
				CLANG_CXX_LANGUAGE_STANDARD = "gnu++14";
				CLANG_CXX_LIBRARY = "libc++";
				CLANG_ENABLE_MODULES = YES;
				CLANG_ENABLE_OBJC_ARC = YES;
				CLANG_ENABLE_OBJC_WEAK = YES;
				CLANG_WARN_BLOCK_CAPTURE_AUTORELEASING = YES;
				CLANG_WARN_BOOL_CONVERSION = YES;
				CLANG_WARN_COMMA = YES;
				CLANG_WARN_CONSTANT_CONVERSION = YES;
				CLANG_WARN_DEPRECATED_OBJC_IMPLEMENTATIONS = YES;
				CLANG_WARN_DIRECT_OBJC_ISA_USAGE = YES_ERROR;
				CLANG_WARN_DOCUMENTATION_COMMENTS = YES;
				CLANG_WARN_EMPTY_BODY = YES;
				CLANG_WARN_ENUM_CONVERSION = YES;
				CLANG_WARN_INFINITE_RECURSION = YES;
				CLANG_WARN_INT_CONVERSION = YES;
				CLANG_WARN_NON_LITERAL_NULL_CONVERSION = YES;
				CLANG_WARN_OBJC_IMPLICIT_RETAIN_SELF = YES;
				CLANG_WARN_OBJC_LITERAL_CONVERSION = YES;
				CLANG_WARN_OBJC_ROOT_CLASS = YES_ERROR;
				CLANG_WARN_RANGE_LOOP_ANALYSIS = YES;
				CLANG_WARN_STRICT_PROTOTYPES = YES;
				CLANG_WARN_SUSPICIOUS_MOVE = YES;
				CLANG_WARN_UNGUARDED_AVAILABILITY = YES_AGGRESSIVE;
				CLANG_WARN_UNREACHABLE_CODE = YES;
				CLANG_WARN__DUPLICATE_METHOD_MATCH = YES;
				COPY_PHASE_STRIP = NO;
				DEBUG_INFORMATION_FORMAT = dwarf;
				ENABLE_STRICT_OBJC_MSGSEND = YES;
				ENABLE_TESTABILITY = YES;
				GCC_C_LANGUAGE_STANDARD = gnu11;
				GCC_DYNAMIC_NO_PIC = NO;
				GCC_NO_COMMON_BLOCKS = YES;
				GCC_OPTIMIZATION_LEVEL = 0;
				GCC_PREPROCESSOR_DEFINITIONS = (
					"DEBUG=1",
					"$(inherited)",
				);
				GCC_WARN_64_TO_32_BIT_CONVERSION = YES;
				GCC_WARN_ABOUT_RETURN_TYPE = YES_ERROR;
				GCC_WARN_UNDECLARED_SELECTOR = YES;
				GCC_WARN_UNINITIALIZED_AUTOS = YES_AGGRESSIVE;
				GCC_WARN_UNUSED_FUNCTION = YES;
				GCC_WARN_UNUSED_VARIABLE = YES;
				IPHONEOS_DEPLOYMENT_TARGET = 13.7;
				MTL_ENABLE_DEBUG_INFO = INCLUDE_SOURCE;
				MTL_FAST_MATH = YES;
				ONLY_ACTIVE_ARCH = YES;
				SDKROOT = iphoneos;
			};
			name = Debug;
		};
		8E9FAC5426A2DE6E0088B052 /* Release */ = {
			isa = XCBuildConfiguration;
			buildSettings = {
				ALWAYS_SEARCH_USER_PATHS = NO;
				CLANG_ANALYZER_NONNULL = YES;
				CLANG_ANALYZER_NUMBER_OBJECT_CONVERSION = YES_AGGRESSIVE;
				CLANG_CXX_LANGUAGE_STANDARD = "gnu++14";
				CLANG_CXX_LIBRARY = "libc++";
				CLANG_ENABLE_MODULES = YES;
				CLANG_ENABLE_OBJC_ARC = YES;
				CLANG_ENABLE_OBJC_WEAK = YES;
				CLANG_WARN_BLOCK_CAPTURE_AUTORELEASING = YES;
				CLANG_WARN_BOOL_CONVERSION = YES;
				CLANG_WARN_COMMA = YES;
				CLANG_WARN_CONSTANT_CONVERSION = YES;
				CLANG_WARN_DEPRECATED_OBJC_IMPLEMENTATIONS = YES;
				CLANG_WARN_DIRECT_OBJC_ISA_USAGE = YES_ERROR;
				CLANG_WARN_DOCUMENTATION_COMMENTS = YES;
				CLANG_WARN_EMPTY_BODY = YES;
				CLANG_WARN_ENUM_CONVERSION = YES;
				CLANG_WARN_INFINITE_RECURSION = YES;
				CLANG_WARN_INT_CONVERSION = YES;
				CLANG_WARN_NON_LITERAL_NULL_CONVERSION = YES;
				CLANG_WARN_OBJC_IMPLICIT_RETAIN_SELF = YES;
				CLANG_WARN_OBJC_LITERAL_CONVERSION = YES;
				CLANG_WARN_OBJC_ROOT_CLASS = YES_ERROR;
				CLANG_WARN_RANGE_LOOP_ANALYSIS = YES;
				CLANG_WARN_STRICT_PROTOTYPES = YES;
				CLANG_WARN_SUSPICIOUS_MOVE = YES;
				CLANG_WARN_UNGUARDED_AVAILABILITY = YES_AGGRESSIVE;
				CLANG_WARN_UNREACHABLE_CODE = YES;
				CLANG_WARN__DUPLICATE_METHOD_MATCH = YES;
				COPY_PHASE_STRIP = NO;
				DEBUG_INFORMATION_FORMAT = "dwarf-with-dsym";
				ENABLE_NS_ASSERTIONS = NO;
				ENABLE_STRICT_OBJC_MSGSEND = YES;
				GCC_C_LANGUAGE_STANDARD = gnu11;
				GCC_NO_COMMON_BLOCKS = YES;
				GCC_WARN_64_TO_32_BIT_CONVERSION = YES;
				GCC_WARN_ABOUT_RETURN_TYPE = YES_ERROR;
				GCC_WARN_UNDECLARED_SELECTOR = YES;
				GCC_WARN_UNINITIALIZED_AUTOS = YES_AGGRESSIVE;
				GCC_WARN_UNUSED_FUNCTION = YES;
				GCC_WARN_UNUSED_VARIABLE = YES;
				IPHONEOS_DEPLOYMENT_TARGET = 13.7;
				MTL_ENABLE_DEBUG_INFO = NO;
				MTL_FAST_MATH = YES;
				SDKROOT = iphoneos;
				VALIDATE_PRODUCT = YES;
			};
			name = Release;
		};
		8E9FAC5626A2DE6E0088B052 /* Debug */ = {
			isa = XCBuildConfiguration;
			buildSettings = {
				ASSETCATALOG_COMPILER_APPICON_NAME = AppIcon;
				CODE_SIGN_STYLE = Automatic;
				INFOPLIST_FILE = iOSTipsTest/Info.plist;
				LD_RUNPATH_SEARCH_PATHS = (
					"$(inherited)",
					"@executable_path/Frameworks",
				);
				PRODUCT_BUNDLE_IDENTIFIER = dreamer.com.cn.iOSTipsTest;
				PRODUCT_NAME = "$(TARGET_NAME)";
				TARGETED_DEVICE_FAMILY = "1,2";
			};
			name = Debug;
		};
		8E9FAC5726A2DE6E0088B052 /* Release */ = {
			isa = XCBuildConfiguration;
			buildSettings = {
				ASSETCATALOG_COMPILER_APPICON_NAME = AppIcon;
				CODE_SIGN_STYLE = Automatic;
				INFOPLIST_FILE = iOSTipsTest/Info.plist;
				LD_RUNPATH_SEARCH_PATHS = (
					"$(inherited)",
					"@executable_path/Frameworks",
				);
				PRODUCT_BUNDLE_IDENTIFIER = dreamer.com.cn.iOSTipsTest;
				PRODUCT_NAME = "$(TARGET_NAME)";
				TARGETED_DEVICE_FAMILY = "1,2";
			};
			name = Release;
		};
		8E9FAC5926A2DE6E0088B052 /* Debug */ = {
			isa = XCBuildConfiguration;
			buildSettings = {
				BUNDLE_LOADER = "$(TEST_HOST)";
				CODE_SIGN_STYLE = Automatic;
				INFOPLIST_FILE = iOSTipsTestTests/Info.plist;
				IPHONEOS_DEPLOYMENT_TARGET = 13.7;
				LD_RUNPATH_SEARCH_PATHS = (
					"$(inherited)",
					"@executable_path/Frameworks",
					"@loader_path/Frameworks",
				);
				PRODUCT_BUNDLE_IDENTIFIER = dreamer.com.cn.iOSTipsTestTests;
				PRODUCT_NAME = "$(TARGET_NAME)";
				TARGETED_DEVICE_FAMILY = "1,2";
				TEST_HOST = "$(BUILT_PRODUCTS_DIR)/iOSTipsTest.app/iOSTipsTest";
			};
			name = Debug;
		};
		8E9FAC5A26A2DE6E0088B052 /* Release */ = {
			isa = XCBuildConfiguration;
			buildSettings = {
				BUNDLE_LOADER = "$(TEST_HOST)";
				CODE_SIGN_STYLE = Automatic;
				INFOPLIST_FILE = iOSTipsTestTests/Info.plist;
				IPHONEOS_DEPLOYMENT_TARGET = 13.7;
				LD_RUNPATH_SEARCH_PATHS = (
					"$(inherited)",
					"@executable_path/Frameworks",
					"@loader_path/Frameworks",
				);
				PRODUCT_BUNDLE_IDENTIFIER = dreamer.com.cn.iOSTipsTestTests;
				PRODUCT_NAME = "$(TARGET_NAME)";
				TARGETED_DEVICE_FAMILY = "1,2";
				TEST_HOST = "$(BUILT_PRODUCTS_DIR)/iOSTipsTest.app/iOSTipsTest";
			};
			name = Release;
		};
		8E9FAC5C26A2DE6E0088B052 /* Debug */ = {
			isa = XCBuildConfiguration;
			buildSettings = {
				CODE_SIGN_STYLE = Automatic;
				INFOPLIST_FILE = iOSTipsTestUITests/Info.plist;
				LD_RUNPATH_SEARCH_PATHS = (
					"$(inherited)",
					"@executable_path/Frameworks",
					"@loader_path/Frameworks",
				);
				PRODUCT_BUNDLE_IDENTIFIER = dreamer.com.cn.iOSTipsTestUITests;
				PRODUCT_NAME = "$(TARGET_NAME)";
				TARGETED_DEVICE_FAMILY = "1,2";
				TEST_TARGET_NAME = iOSTipsTest;
			};
			name = Debug;
		};
		8E9FAC5D26A2DE6E0088B052 /* Release */ = {
			isa = XCBuildConfiguration;
			buildSettings = {
				CODE_SIGN_STYLE = Automatic;
				INFOPLIST_FILE = iOSTipsTestUITests/Info.plist;
				LD_RUNPATH_SEARCH_PATHS = (
					"$(inherited)",
					"@executable_path/Frameworks",
					"@loader_path/Frameworks",
				);
				PRODUCT_BUNDLE_IDENTIFIER = dreamer.com.cn.iOSTipsTestUITests;
				PRODUCT_NAME = "$(TARGET_NAME)";
				TARGETED_DEVICE_FAMILY = "1,2";
				TEST_TARGET_NAME = iOSTipsTest;
			};
			name = Release;
		};
/* End XCBuildConfiguration section */

/* Begin XCConfigurationList section */
		8E9FAC2126A2DE6C0088B052 /* Build configuration list for PBXProject "iOSTipsTest" */ = {
			isa = XCConfigurationList;
			buildConfigurations = (
				8E9FAC5326A2DE6E0088B052 /* Debug */,
				8E9FAC5426A2DE6E0088B052 /* Release */,
			);
			defaultConfigurationIsVisible = 0;
			defaultConfigurationName = Release;
		};
		8E9FAC5526A2DE6E0088B052 /* Build configuration list for PBXNativeTarget "iOSTipsTest" */ = {
			isa = XCConfigurationList;
			buildConfigurations = (
				8E9FAC5626A2DE6E0088B052 /* Debug */,
				8E9FAC5726A2DE6E0088B052 /* Release */,
			);
			defaultConfigurationIsVisible = 0;
			defaultConfigurationName = Release;
		};
		8E9FAC5826A2DE6E0088B052 /* Build configuration list for PBXNativeTarget "iOSTipsTestTests" */ = {
			isa = XCConfigurationList;
			buildConfigurations = (
				8E9FAC5926A2DE6E0088B052 /* Debug */,
				8E9FAC5A26A2DE6E0088B052 /* Release */,
			);
			defaultConfigurationIsVisible = 0;
			defaultConfigurationName = Release;
		};
		8E9FAC5B26A2DE6E0088B052 /* Build configuration list for PBXNativeTarget "iOSTipsTestUITests" */ = {
			isa = XCConfigurationList;
			buildConfigurations = (
				8E9FAC5C26A2DE6E0088B052 /* Debug */,
				8E9FAC5D26A2DE6E0088B052 /* Release */,
			);
			defaultConfigurationIsVisible = 0;
			defaultConfigurationName = Release;
		};
/* End XCConfigurationList section */
	};
	rootObject = 8E9FAC1E26A2DE6C0088B052 /* Project object */;
}
